
Microsoft Visual Studio Solution File, Format Version 12.00
# Visual Studio Version 17
VisualStudioVersion = 17.14.36401.2 d17.14
MinimumVisualStudioVersion = 10.0.40219.1
Project("{2150E333-8FDC-42A3-9474-1A3956D46DE8}") = "src", "src", "{02EA681E-C7D8-13C7-8484-4AC65E1B71E8}"
EndProject
Project("{2150E333-8FDC-42A3-9474-1A3956D46DE8}") = "tests", "tests", "{7B7BE382-78EE-47AA-B1F7-0E4E3BAAB119}"
EndProject
Project("{FAE04EC0-301F-11D3-BF4B-00C04F79EFBC}") = "DevBnbStart.API", "src\DevBnbStart.API\DevBnbStart.API.csproj", "{DB10DBFB-FF44-4434-AA9F-B9E200BB1A2E}"
EndProject
Global
	GlobalSection(SolutionConfigurationPlatforms) = preSolution
		Debug|Any CPU = Debug|Any CPU
		Release|Any CPU = Release|Any CPU
	EndGlobalSection
	GlobalSection(ProjectConfigurationPlatforms) = postSolution
		{DB10DBFB-FF44-4434-AA9F-B9E200BB1A2E}.Debug|Any CPU.ActiveCfg = Debug|Any CPU
		{DB10DBFB-FF44-4434-AA9F-B9E200BB1A2E}.Debug|Any CPU.Build.0 = Debug|Any CPU
		{DB10DBFB-FF44-4434-AA9F-B9E200BB1A2E}.Release|Any CPU.ActiveCfg = Release|Any CPU
		{DB10DBFB-FF44-4434-AA9F-B9E200BB1A2E}.Release|Any CPU.Build.0 = Release|Any CPU
	EndGlobalSection
	GlobalSection(SolutionProperties) = preSolution
		HideSolutionNode = FALSE
	EndGlobalSection
	GlobalSection(NestedProjects) = preSolution
		{DB10DBFB-FF44-4434-AA9F-B9E200BB1A2E} = {02EA681E-C7D8-13C7-8484-4AC65E1B71E8}
	EndGlobalSection
	GlobalSection(ExtensibilityGlobals) = postSolution
		SolutionGuid = {D34FF1B1-872F-4777-9638-D1CBEA118B7C}
	EndGlobalSection
EndGlobal
